
Microsoft Visual Studio Solution File, Format Version 12.00
# Visual Studio Version 17
VisualStudioVersion = 17.8.34330.188
MinimumVisualStudioVersion = 10.0.40219.1
Project("{888888A0-9F3D-457C-B088-3A5042F75D52}") = "discordbot", "discordbot\discordbot.pyproj", "{C757C27F-9F08-46B4-A459-C4B3AAA209B5}"
EndProject
Global
	GlobalSection(SolutionConfigurationPlatforms) = preSolution
		Debug|Any CPU = Debug|Any CPU
		Release|Any CPU = Release|Any CPU
	EndGlobalSection
	GlobalSection(ProjectConfigurationPlatforms) = postSolution
		{C757C27F-9F08-46B4-A459-C4B3AAA209B5}.Debug|Any CPU.ActiveCfg = Debug|Any CPU
		{C757C27F-9F08-46B4-A459-C4B3AAA209B5}.Release|Any CPU.ActiveCfg = Release|Any CPU
	EndGlobalSection
	GlobalSection(SolutionProperties) = preSolution
		HideSolutionNode = FALSE
	EndGlobalSection
	GlobalSection(ExtensibilityGlobals) = postSolution
		SolutionGuid = {25F42140-55CA-4D46-8D86-69CF8D112C42}
	EndGlobalSection
EndGlobal
